// !$*UTF8*$!
{
	archiveVersion = 1;
	classes = {
	};
	objectVersion = 51;
	objects = {

/* Begin PBXBuildFile section */
		585C513523595E2E005D29F3 /* TheMoviedbClient.swift in Sources */ = {isa = PBXBuildFile; fileRef = 585C513423595E2E005D29F3 /* TheMoviedbClient.swift */; };
		585C5137235A0C45005D29F3 /* MoviesdbResponse.swift in Sources */ = {isa = PBXBuildFile; fileRef = 585C5136235A0C45005D29F3 /* MoviesdbResponse.swift */; };
		585C513B235A30D6005D29F3 /* MoviesViewController.swift in Sources */ = {isa = PBXBuildFile; fileRef = 585C513A235A30D6005D29F3 /* MoviesViewController.swift */; };
		585C513D235A693D005D29F3 /* MovieCell.swift in Sources */ = {isa = PBXBuildFile; fileRef = 585C513C235A693D005D29F3 /* MovieCell.swift */; };
		5881D16C2356A8CF00684FC5 /* AppDelegate.swift in Sources */ = {isa = PBXBuildFile; fileRef = 5881D16B2356A8CF00684FC5 /* AppDelegate.swift */; };
		5881D16E2356A8CF00684FC5 /* SceneDelegate.swift in Sources */ = {isa = PBXBuildFile; fileRef = 5881D16D2356A8CF00684FC5 /* SceneDelegate.swift */; };
		5881D1732356A8CF00684FC5 /* Main.storyboard in Resources */ = {isa = PBXBuildFile; fileRef = 5881D1712356A8CF00684FC5 /* Main.storyboard */; };
		5881D1752356A8D000684FC5 /* Assets.xcassets in Resources */ = {isa = PBXBuildFile; fileRef = 5881D1742356A8D000684FC5 /* Assets.xcassets */; };
		5881D1782356A8D000684FC5 /* LaunchScreen.storyboard in Resources */ = {isa = PBXBuildFile; fileRef = 5881D1762356A8D000684FC5 /* LaunchScreen.storyboard */; };
		F41C63CBC1AE294C28E88651 /* Pods_Flixster.framework in Frameworks */ = {isa = PBXBuildFile; fileRef = 7529113990C18E35CF1AA0F8 /* Pods_Flixster.framework */; };
/* End PBXBuildFile section */

/* Begin PBXFileReference section */
		585C513423595E2E005D29F3 /* TheMoviedbClient.swift */ = {isa = PBXFileReference; lastKnownFileType = sourcecode.swift; path = TheMoviedbClient.swift; sourceTree = "<group>"; };
		585C5136235A0C45005D29F3 /* MoviesdbResponse.swift */ = {isa = PBXFileReference; lastKnownFileType = sourcecode.swift; path = MoviesdbResponse.swift; sourceTree = "<group>"; };
		585C513A235A30D6005D29F3 /* MoviesViewController.swift */ = {isa = PBXFileReference; lastKnownFileType = sourcecode.swift; path = MoviesViewController.swift; sourceTree = "<group>"; };
		585C513C235A693D005D29F3 /* MovieCell.swift */ = {isa = PBXFileReference; lastKnownFileType = sourcecode.swift; path = MovieCell.swift; sourceTree = "<group>"; };
		5881D1682356A8CF00684FC5 /* Flixster.app */ = {isa = PBXFileReference; explicitFileType = wrapper.application; includeInIndex = 0; path = Flixster.app; sourceTree = BUILT_PRODUCTS_DIR; };
		5881D16B2356A8CF00684FC5 /* AppDelegate.swift */ = {isa = PBXFileReference; lastKnownFileType = sourcecode.swift; path = AppDelegate.swift; sourceTree = "<group>"; };
		5881D16D2356A8CF00684FC5 /* SceneDelegate.swift */ = {isa = PBXFileReference; lastKnownFileType = sourcecode.swift; path = SceneDelegate.swift; sourceTree = "<group>"; };
		5881D1722356A8CF00684FC5 /* Base */ = {isa = PBXFileReference; lastKnownFileType = file.storyboard; name = Base; path = Base.lproj/Main.storyboard; sourceTree = "<group>"; };
		5881D1742356A8D000684FC5 /* Assets.xcassets */ = {isa = PBXFileReference; lastKnownFileType = folder.assetcatalog; path = Assets.xcassets; sourceTree = "<group>"; };
		5881D1772356A8D000684FC5 /* Base */ = {isa = PBXFileReference; lastKnownFileType = file.storyboard; name = Base; path = Base.lproj/LaunchScreen.storyboard; sourceTree = "<group>"; };
		5881D1792356A8D000684FC5 /* Info.plist */ = {isa = PBXFileReference; lastKnownFileType = text.plist.xml; path = Info.plist; sourceTree = "<group>"; };
		7529113990C18E35CF1AA0F8 /* Pods_Flixster.framework */ = {isa = PBXFileReference; explicitFileType = wrapper.framework; includeInIndex = 0; path = Pods_Flixster.framework; sourceTree = BUILT_PRODUCTS_DIR; };
		755FFDDD83270DEB16DEC877 /* Pods-Flixster.release.xcconfig */ = {isa = PBXFileReference; includeInIndex = 1; lastKnownFileType = text.xcconfig; name = "Pods-Flixster.release.xcconfig"; path = "Target Support Files/Pods-Flixster/Pods-Flixster.release.xcconfig"; sourceTree = "<group>"; };
		CAFE5B5BF8FDC603D66ACB11 /* Pods-Flixster.debug.xcconfig */ = {isa = PBXFileReference; includeInIndex = 1; lastKnownFileType = text.xcconfig; name = "Pods-Flixster.debug.xcconfig"; path = "Target Support Files/Pods-Flixster/Pods-Flixster.debug.xcconfig"; sourceTree = "<group>"; };
/* End PBXFileReference section */

/* Begin PBXFrameworksBuildPhase section */
		5881D1652356A8CF00684FC5 /* Frameworks */ = {
			isa = PBXFrameworksBuildPhase;
			buildActionMask = 2147483647;
			files = (
				F41C63CBC1AE294C28E88651 /* Pods_Flixster.framework in Frameworks */,
			);
			runOnlyForDeploymentPostprocessing = 0;
		};
/* End PBXFrameworksBuildPhase section */

/* Begin PBXGroup section */
		2AFCE289D7483198727F20F3 /* Frameworks */ = {
			isa = PBXGroup;
			children = (
				7529113990C18E35CF1AA0F8 /* Pods_Flixster.framework */,
			);
			name = Frameworks;
			sourceTree = "<group>";
		};
		585C512E2359406A005D29F3 /* View */ = {
			isa = PBXGroup;
			children = (
				585C513C235A693D005D29F3 /* MovieCell.swift */,
			);
			path = View;
			sourceTree = "<group>";
		};
		585C512F23594072005D29F3 /* Controller */ = {
			isa = PBXGroup;
			children = (
				585C513A235A30D6005D29F3 /* MoviesViewController.swift */,
			);
			path = Controller;
			sourceTree = "<group>";
		};
		585C51302359413B005D29F3 /* Model */ = {
			isa = PBXGroup;
			children = (
				585C513323594172005D29F3 /* Responses */,
				585C513123594155005D29F3 /* Client */,
			);
			path = Model;
			sourceTree = "<group>";
		};
		585C513123594155005D29F3 /* Client */ = {
			isa = PBXGroup;
			children = (
				585C513423595E2E005D29F3 /* TheMoviedbClient.swift */,
			);
			path = Client;
			sourceTree = "<group>";
		};
		585C513323594172005D29F3 /* Responses */ = {
			isa = PBXGroup;
			children = (
				585C5136235A0C45005D29F3 /* MoviesdbResponse.swift */,
			);
			path = Responses;
			sourceTree = "<group>";
		};
		5881D15F2356A8CF00684FC5 = {
			isa = PBXGroup;
			children = (
				5881D16A2356A8CF00684FC5 /* Flixster */,
				5881D1692356A8CF00684FC5 /* Products */,
				C14BC82E93EDF067DFF16B8C /* Pods */,
				2AFCE289D7483198727F20F3 /* Frameworks */,
			);
			sourceTree = "<group>";
		};
		5881D1692356A8CF00684FC5 /* Products */ = {
			isa = PBXGroup;
			children = (
				5881D1682356A8CF00684FC5 /* Flixster.app */,
			);
			name = Products;
			sourceTree = "<group>";
		};
		5881D16A2356A8CF00684FC5 /* Flixster */ = {
			isa = PBXGroup;
			children = (
				585C51302359413B005D29F3 /* Model */,
				585C512F23594072005D29F3 /* Controller */,
				585C512E2359406A005D29F3 /* View */,
				5881D16B2356A8CF00684FC5 /* AppDelegate.swift */,
				5881D16D2356A8CF00684FC5 /* SceneDelegate.swift */,
				5881D1712356A8CF00684FC5 /* Main.storyboard */,
				5881D1742356A8D000684FC5 /* Assets.xcassets */,
				5881D1762356A8D000684FC5 /* LaunchScreen.storyboard */,
				5881D1792356A8D000684FC5 /* Info.plist */,
			);
			path = Flixster;
			sourceTree = "<group>";
		};
		C14BC82E93EDF067DFF16B8C /* Pods */ = {
			isa = PBXGroup;
			children = (
				CAFE5B5BF8FDC603D66ACB11 /* Pods-Flixster.debug.xcconfig */,
				755FFDDD83270DEB16DEC877 /* Pods-Flixster.release.xcconfig */,
			);
			path = Pods;
			sourceTree = "<group>";
		};
/* End PBXGroup section */

/* Begin PBXNativeTarget section */
		5881D1672356A8CF00684FC5 /* Flixster */ = {
			isa = PBXNativeTarget;
			buildConfigurationList = 5881D17C2356A8D000684FC5 /* Build configuration list for PBXNativeTarget "Flixster" */;
			buildPhases = (
				5E7A1A8A307530114904AE50 /* [CP] Check Pods Manifest.lock */,
				5881D1642356A8CF00684FC5 /* Sources */,
				5881D1652356A8CF00684FC5 /* Frameworks */,
				5881D1662356A8CF00684FC5 /* Resources */,
				3622B81CA65EAAE4289E0674 /* [CP] Embed Pods Frameworks */,
			);
			buildRules = (
			);
			dependencies = (
			);
			name = Flixster;
			productName = Flixster;
			productReference = 5881D1682356A8CF00684FC5 /* Flixster.app */;
			productType = "com.apple.product-type.application";
		};
/* End PBXNativeTarget section */

/* Begin PBXProject section */
		5881D1602356A8CF00684FC5 /* Project object */ = {
			isa = PBXProject;
			attributes = {
				LastSwiftUpdateCheck = 1110;
				LastUpgradeCheck = 1110;
				ORGANIZATIONNAME = Capi;
				TargetAttributes = {
					5881D1672356A8CF00684FC5 = {
						CreatedOnToolsVersion = 11.1;
					};
				};
			};
			buildConfigurationList = 5881D1632356A8CF00684FC5 /* Build configuration list for PBXProject "Flixster" */;
			compatibilityVersion = "Xcode 9.3";
			developmentRegion = en;
			hasScannedForEncodings = 0;
			knownRegions = (
				en,
				Base,
			);
			mainGroup = 5881D15F2356A8CF00684FC5;
			productRefGroup = 5881D1692356A8CF00684FC5 /* Products */;
			projectDirPath = "";
			projectRoot = "";
			targets = (
				5881D1672356A8CF00684FC5 /* Flixster */,
			);
		};
/* End PBXProject section */

/* Begin PBXResourcesBuildPhase section */
		5881D1662356A8CF00684FC5 /* Resources */ = {
			isa = PBXResourcesBuildPhase;
			buildActionMask = 2147483647;
			files = (
				5881D1782356A8D000684FC5 /* LaunchScreen.storyboard in Resources */,
				5881D1752356A8D000684FC5 /* Assets.xcassets in Resources */,
				5881D1732356A8CF00684FC5 /* Main.storyboard in Resources */,
			);
			runOnlyForDeploymentPostprocessing = 0;
		};
/* End PBXResourcesBuildPhase section */

/* Begin PBXShellScriptBuildPhase section */
		3622B81CA65EAAE4289E0674 /* [CP] Embed Pods Frameworks */ = {
			isa = PBXShellScriptBuildPhase;
			buildActionMask = 2147483647;
			files = (
			);
			inputFileListPaths = (
				"${PODS_ROOT}/Target Support Files/Pods-Flixster/Pods-Flixster-frameworks-${CONFIGURATION}-input-files.xcfilelist",
			);
			name = "[CP] Embed Pods Frameworks";
			outputFileListPaths = (
				"${PODS_ROOT}/Target Support Files/Pods-Flixster/Pods-Flixster-frameworks-${CONFIGURATION}-output-files.xcfilelist",
			);
			runOnlyForDeploymentPostprocessing = 0;
			shellPath = /bin/sh;
			shellScript = "\"${PODS_ROOT}/Target Support Files/Pods-Flixster/Pods-Flixster-frameworks.sh\"\n";
			showEnvVarsInLog = 0;
		};
		5E7A1A8A307530114904AE50 /* [CP] Check Pods Manifest.lock */ = {
			isa = PBXShellScriptBuildPhase;
			buildActionMask = 2147483647;
			files = (
			);
			inputFileListPaths = (
			);
			inputPaths = (
				"${PODS_PODFILE_DIR_PATH}/Podfile.lock",
				"${PODS_ROOT}/Manifest.lock",
			);
			name = "[CP] Check Pods Manifest.lock";
			outputFileListPaths = (
			);
			outputPaths = (
				"$(DERIVED_FILE_DIR)/Pods-Flixster-checkManifestLockResult.txt",
			);
			runOnlyForDeploymentPostprocessing = 0;
			shellPath = /bin/sh;
			shellScript = "diff \"${PODS_PODFILE_DIR_PATH}/Podfile.lock\" \"${PODS_ROOT}/Manifest.lock\" > /dev/null\nif [ $? != 0 ] ; then\n    # print error to STDERR\n    echo \"error: The sandbox is not in sync with the Podfile.lock. Run 'pod install' or update your CocoaPods installation.\" >&2\n    exit 1\nfi\n# This output is used by Xcode 'outputs' to avoid re-running this script phase.\necho \"SUCCESS\" > \"${SCRIPT_OUTPUT_FILE_0}\"\n";
			showEnvVarsInLog = 0;
		};
/* End PBXShellScriptBuildPhase section */

/* Begin PBXSourcesBuildPhase section */
		5881D1642356A8CF00684FC5 /* Sources */ = {
			isa = PBXSourcesBuildPhase;
			buildActionMask = 2147483647;
			files = (
				5881D16C2356A8CF00684FC5 /* AppDelegate.swift in Sources */,
				585C513B235A30D6005D29F3 /* MoviesViewController.swift in Sources */,
				585C513D235A693D005D29F3 /* MovieCell.swift in Sources */,
				5881D16E2356A8CF00684FC5 /* SceneDelegate.swift in Sources */,
				585C513523595E2E005D29F3 /* TheMoviedbClient.swift in Sources */,
				585C5137235A0C45005D29F3 /* MoviesdbResponse.swift in Sources */,
			);
			runOnlyForDeploymentPostprocessing = 0;
		};
/* End PBXSourcesBuildPhase section */

/* Begin PBXVariantGroup section */
		5881D1712356A8CF00684FC5 /* Main.storyboard */ = {
			isa = PBXVariantGroup;
			children = (
				5881D1722356A8CF00684FC5 /* Base */,
			);
			name = Main.storyboard;
			sourceTree = "<group>";
		};
		5881D1762356A8D000684FC5 /* LaunchScreen.storyboard */ = {
			isa = PBXVariantGroup;
			children = (
				5881D1772356A8D000684FC5 /* Base */,
			);
			name = LaunchScreen.storyboard;
			sourceTree = "<group>";
		};
/* End PBXVariantGroup section */

/* Begin XCBuildConfiguration section */
		5881D17A2356A8D000684FC5 /* Debug */ = {
			isa = XCBuildConfiguration;
			buildSettings = {
				ALWAYS_SEARCH_USER_PATHS = NO;
				CLANG_ANALYZER_NONNULL = YES;
				CLANG_ANALYZER_NUMBER_OBJECT_CONVERSION = YES_AGGRESSIVE;
				CLANG_CXX_LANGUAGE_STANDARD = "gnu++14";
				CLANG_CXX_LIBRARY = "libc++";
				CLANG_ENABLE_MODULES = YES;
				CLANG_ENABLE_OBJC_ARC = YES;
				CLANG_ENABLE_OBJC_WEAK = YES;
				CLANG_WARN_BLOCK_CAPTURE_AUTORELEASING = YES;
				CLANG_WARN_BOOL_CONVERSION = YES;
				CLANG_WARN_COMMA = YES;
				CLANG_WARN_CONSTANT_CONVERSION = YES;
				CLANG_WARN_DEPRECATED_OBJC_IMPLEMENTATIONS = YES;
				CLANG_WARN_DIRECT_OBJC_ISA_USAGE = YES_ERROR;
				CLANG_WARN_DOCUMENTATION_COMMENTS = YES;
				CLANG_WARN_EMPTY_BODY = YES;
				CLANG_WARN_ENUM_CONVERSION = YES;
				CLANG_WARN_INFINITE_RECURSION = YES;
				CLANG_WARN_INT_CONVERSION = YES;
				CLANG_WARN_NON_LITERAL_NULL_CONVERSION = YES;
				CLANG_WARN_OBJC_IMPLICIT_RETAIN_SELF = YES;
				CLANG_WARN_OBJC_LITERAL_CONVERSION = YES;
				CLANG_WARN_OBJC_ROOT_CLASS = YES_ERROR;
				CLANG_WARN_RANGE_LOOP_ANALYSIS = YES;
				CLANG_WARN_STRICT_PROTOTYPES = YES;
				CLANG_WARN_SUSPICIOUS_MOVE = YES;
				CLANG_WARN_UNGUARDED_AVAILABILITY = YES_AGGRESSIVE;
				CLANG_WARN_UNREACHABLE_CODE = YES;
				CLANG_WARN__DUPLICATE_METHOD_MATCH = YES;
				COPY_PHASE_STRIP = NO;
				DEBUG_INFORMATION_FORMAT = dwarf;
				ENABLE_STRICT_OBJC_MSGSEND = YES;
				ENABLE_TESTABILITY = YES;
				GCC_C_LANGUAGE_STANDARD = gnu11;
				GCC_DYNAMIC_NO_PIC = NO;
				GCC_NO_COMMON_BLOCKS = YES;
				GCC_OPTIMIZATION_LEVEL = 0;
				GCC_PREPROCESSOR_DEFINITIONS = (
					"DEBUG=1",
					"$(inherited)",
				);
				GCC_WARN_64_TO_32_BIT_CONVERSION = YES;
				GCC_WARN_ABOUT_RETURN_TYPE = YES_ERROR;
				GCC_WARN_UNDECLARED_SELECTOR = YES;
				GCC_WARN_UNINITIALIZED_AUTOS = YES_AGGRESSIVE;
				GCC_WARN_UNUSED_FUNCTION = YES;
				GCC_WARN_UNUSED_VARIABLE = YES;
				IPHONEOS_DEPLOYMENT_TARGET = 13.1;
				MTL_ENABLE_DEBUG_INFO = INCLUDE_SOURCE;
				MTL_FAST_MATH = YES;
				ONLY_ACTIVE_ARCH = YES;
				SDKROOT = iphoneos;
				SWIFT_ACTIVE_COMPILATION_CONDITIONS = DEBUG;
				SWIFT_OPTIMIZATION_LEVEL = "-Onone";
			};
			name = Debug;
		};
		5881D17B2356A8D000684FC5 /* Release */ = {
			isa = XCBuildConfiguration;
			buildSettings = {
				ALWAYS_SEARCH_USER_PATHS = NO;
				CLANG_ANALYZER_NONNULL = YES;
				CLANG_ANALYZER_NUMBER_OBJECT_CONVERSION = YES_AGGRESSIVE;
				CLANG_CXX_LANGUAGE_STANDARD = "gnu++14";
				CLANG_CXX_LIBRARY = "libc++";
				CLANG_ENABLE_MODULES = YES;
				CLANG_ENABLE_OBJC_ARC = YES;
				CLANG_ENABLE_OBJC_WEAK = YES;
				CLANG_WARN_BLOCK_CAPTURE_AUTORELEASING = YES;
				CLANG_WARN_BOOL_CONVERSION = YES;
				CLANG_WARN_COMMA = YES;
				CLANG_WARN_CONSTANT_CONVERSION = YES;
				CLANG_WARN_DEPRECATED_OBJC_IMPLEMENTATIONS = YES;
				CLANG_WARN_DIRECT_OBJC_ISA_USAGE = YES_ERROR;
				CLANG_WARN_DOCUMENTATION_COMMENTS = YES;
				CLANG_WARN_EMPTY_BODY = YES;
				CLANG_WARN_ENUM_CONVERSION = YES;
				CLANG_WARN_INFINITE_RECURSION = YES;
				CLANG_WARN_INT_CONVERSION = YES;
				CLANG_WARN_NON_LITERAL_NULL_CONVERSION = YES;
				CLANG_WARN_OBJC_IMPLICIT_RETAIN_SELF = YES;
				CLANG_WARN_OBJC_LITERAL_CONVERSION = YES;
				CLANG_WARN_OBJC_ROOT_CLASS = YES_ERROR;
				CLANG_WARN_RANGE_LOOP_ANALYSIS = YES;
				CLANG_WARN_STRICT_PROTOTYPES = YES;
				CLANG_WARN_SUSPICIOUS_MOVE = YES;
				CLANG_WARN_UNGUARDED_AVAILABILITY = YES_AGGRESSIVE;
				CLANG_WARN_UNREACHABLE_CODE = YES;
				CLANG_WARN__DUPLICATE_METHOD_MATCH = YES;
				COPY_PHASE_STRIP = NO;
				DEBUG_INFORMATION_FORMAT = "dwarf-with-dsym";
				ENABLE_NS_ASSERTIONS = NO;
				ENABLE_STRICT_OBJC_MSGSEND = YES;
				GCC_C_LANGUAGE_STANDARD = gnu11;
				GCC_NO_COMMON_BLOCKS = YES;
				GCC_WARN_64_TO_32_BIT_CONVERSION = YES;
				GCC_WARN_ABOUT_RETURN_TYPE = YES_ERROR;
				GCC_WARN_UNDECLARED_SELECTOR = YES;
				GCC_WARN_UNINITIALIZED_AUTOS = YES_AGGRESSIVE;
				GCC_WARN_UNUSED_FUNCTION = YES;
				GCC_WARN_UNUSED_VARIABLE = YES;
				IPHONEOS_DEPLOYMENT_TARGET = 13.1;
				MTL_ENABLE_DEBUG_INFO = NO;
				MTL_FAST_MATH = YES;
				SDKROOT = iphoneos;
				SWIFT_COMPILATION_MODE = wholemodule;
				SWIFT_OPTIMIZATION_LEVEL = "-O";
				VALIDATE_PRODUCT = YES;
			};
			name = Release;
		};
		5881D17D2356A8D000684FC5 /* Debug */ = {
			isa = XCBuildConfiguration;
			baseConfigurationReference = CAFE5B5BF8FDC603D66ACB11 /* Pods-Flixster.debug.xcconfig */;
			buildSettings = {
				ASSETCATALOG_COMPILER_APPICON_NAME = AppIcon;
				CODE_SIGN_STYLE = Automatic;
				DEVELOPMENT_TEAM = CU54LZP3QM;
				INFOPLIST_FILE = Flixster/Info.plist;
				IPHONEOS_DEPLOYMENT_TARGET = 13.1;
				LD_RUNPATH_SEARCH_PATHS = (
					"$(inherited)",
					"@executable_path/Frameworks",
				);
				PRODUCT_BUNDLE_IDENTIFIER = com.capi.Flixster;
				PRODUCT_NAME = "$(TARGET_NAME)";
				SWIFT_VERSION = 5.0;
				TARGETED_DEVICE_FAMILY = "1,2";
			};
			name = Debug;
		};
		5881D17E2356A8D000684FC5 /* Release */ = {
			isa = XCBuildConfiguration;
			baseConfigurationReference = 755FFDDD83270DEB16DEC877 /* Pods-Flixster.release.xcconfig */;
			buildSettings = {
				ASSETCATALOG_COMPILER_APPICON_NAME = AppIcon;
				CODE_SIGN_STYLE = Automatic;
				DEVELOPMENT_TEAM = CU54LZP3QM;
				INFOPLIST_FILE = Flixster/Info.plist;
				IPHONEOS_DEPLOYMENT_TARGET = 13.1;
				LD_RUNPATH_SEARCH_PATHS = (
					"$(inherited)",
					"@executable_path/Frameworks",
				);
				PRODUCT_BUNDLE_IDENTIFIER = com.capi.Flixster;
				PRODUCT_NAME = "$(TARGET_NAME)";
				SWIFT_VERSION = 5.0;
				TARGETED_DEVICE_FAMILY = "1,2";
			};
			name = Release;
		};
/* End XCBuildConfiguration section */

/* Begin XCConfigurationList section */
		5881D1632356A8CF00684FC5 /* Build configuration list for PBXProject "Flixster" */ = {
			isa = XCConfigurationList;
			buildConfigurations = (
				5881D17A2356A8D000684FC5 /* Debug */,
				5881D17B2356A8D000684FC5 /* Release */,
			);
			defaultConfigurationIsVisible = 0;
			defaultConfigurationName = Release;
		};
		5881D17C2356A8D000684FC5 /* Build configuration list for PBXNativeTarget "Flixster" */ = {
			isa = XCConfigurationList;
			buildConfigurations = (
				5881D17D2356A8D000684FC5 /* Debug */,
				5881D17E2356A8D000684FC5 /* Release */,
			);
			defaultConfigurationIsVisible = 0;
			defaultConfigurationName = Release;
		};
/* End XCConfigurationList section */
	};
	rootObject = 5881D1602356A8CF00684FC5 /* Project object */;
}
